
Microsoft Visual Studio Solution File, Format Version 12.00
# Visual Studio Version 17
VisualStudioVersion = 17.10.35013.160
MinimumVisualStudioVersion = 10.0.40219.1
Project("{FAE04EC0-301F-11D3-BF4B-00C04F79EFBC}") = "Diskloud", "Diskloud\Diskloud.csproj", "{BA8730B3-26EF-4FFD-B5F7-BDB0541A5B33}"
EndProject
Project("{FAE04EC0-301F-11D3-BF4B-00C04F79EFBC}") = "DisKloud.Client", "DisKloud.Client\DisKloud.Client.csproj", "{AB83AD03-722D-4D2F-9780-109E19484207}"
EndProject
Global
	GlobalSection(SolutionConfigurationPlatforms) = preSolution
		Debug|Any CPU = Debug|Any CPU
		Release|Any CPU = Release|Any CPU
	EndGlobalSection
	GlobalSection(ProjectConfigurationPlatforms) = postSolution
		{BA8730B3-26EF-4FFD-B5F7-BDB0541A5B33}.Debug|Any CPU.ActiveCfg = Debug|Any CPU
		{BA8730B3-26EF-4FFD-B5F7-BDB0541A5B33}.Debug|Any CPU.Build.0 = Debug|Any CPU
		{BA8730B3-26EF-4FFD-B5F7-BDB0541A5B33}.Release|Any CPU.ActiveCfg = Release|Any CPU
		{BA8730B3-26EF-4FFD-B5F7-BDB0541A5B33}.Release|Any CPU.Build.0 = Release|Any CPU
		{AB83AD03-722D-4D2F-9780-109E19484207}.Debug|Any CPU.ActiveCfg = Debug|Any CPU
		{AB83AD03-722D-4D2F-9780-109E19484207}.Debug|Any CPU.Build.0 = Debug|Any CPU
		{AB83AD03-722D-4D2F-9780-109E19484207}.Release|Any CPU.ActiveCfg = Release|Any CPU
		{AB83AD03-722D-4D2F-9780-109E19484207}.Release|Any CPU.Build.0 = Release|Any CPU
	EndGlobalSection
	GlobalSection(SolutionProperties) = preSolution
		HideSolutionNode = FALSE
	EndGlobalSection
	GlobalSection(ExtensibilityGlobals) = postSolution
		SolutionGuid = {843DABDE-C4B0-43AF-BA17-E2A377E949CC}
	EndGlobalSection
EndGlobal
